{
  "name": "planning-center-monorepo",
  "lockfileVersion": 3,
  "requires": true,
  "packages": {
    "packages/planning-center-base-ts": {
      "name": "@rachelallyson/planning-center-base-ts",
      "version": "1.0.0",
      "extraneous": true,
      "license": "MIT",
      "devDependencies": {
        "@types/jest": "^30.0.0",
        "@types/node": "^20.0.0",
        "jest": "^30.2.0",
        "ts-jest": "^29.4.4",
        "typescript": "^5.9.3"
      },
      "engines": {
        "node": ">=16.0.0"
      }
    },
    "packages/planning-center-check-ins-ts": {
      "name": "@rachelallyson/planning-center-check-ins-ts",
      "version": "1.0.0",
      "extraneous": true,
      "license": "MIT",
      "dependencies": {
        "@rachelallyson/planning-center-base-ts": "*"
      },
      "devDependencies": {
        "@types/jest": "^30.0.0",
        "dotenv": "^16.6.1",
        "jest": "^30.2.0",
        "ts-jest": "^29.4.4",
        "tslib": "^2.8.1",
        "typedoc": "^0.28.14",
        "typedoc-plugin-markdown": "^4.9.0",
        "typescript": "^5.9.3"
      },
      "engines": {
        "node": ">=16.0.0"
      }
    },
    "packages/planning-center-people-ts": {
      "name": "@rachelallyson/planning-center-people-ts",
      "version": "2.9.0",
      "extraneous": true,
      "license": "MIT",
      "dependencies": {
        "@rachelallyson/planning-center-base-ts": "*"
      },
      "devDependencies": {
        "@types/jest": "^30.0.0",
        "@types/node": "^20.0.0",
        "dotenv": "^16.6.1",
        "jest": "^30.2.0",
        "ts-jest": "^29.4.4",
        "tslib": "^2.8.1",
        "typedoc": "^0.28.14",
        "typedoc-plugin-markdown": "^4.9.0",
        "typescript": "^5.9.3"
      },
      "engines": {
        "node": ">=16.0.0"
      }
    }
  }
}
